
Microsoft Visual Studio Solution File, Format Version 12.00
# Visual Studio Version 16
VisualStudioVersion = 16.0.30225.117
MinimumVisualStudioVersion = 10.0.40219.1
Project("{9A19103F-16F7-4668-BE54-9A1E7A4F7556}") = "MultiStoreShoppingCart", "MultiStoreShoppingCart\MultiStoreShoppingCart.csproj", "{D7D39A0E-2155-489E-9AAF-A5AA67B744BE}"
EndProject
Global
	GlobalSection(SolutionConfigurationPlatforms) = preSolution
		Debug|Any CPU = Debug|Any CPU
		Release|Any CPU = Release|Any CPU
	EndGlobalSection
	GlobalSection(ProjectConfigurationPlatforms) = postSolution
		{D7D39A0E-2155-489E-9AAF-A5AA67B744BE}.Debug|Any CPU.ActiveCfg = Debug|Any CPU
		{D7D39A0E-2155-489E-9AAF-A5AA67B744BE}.Debug|Any CPU.Build.0 = Debug|Any CPU
		{D7D39A0E-2155-489E-9AAF-A5AA67B744BE}.Release|Any CPU.ActiveCfg = Release|Any CPU
		{D7D39A0E-2155-489E-9AAF-A5AA67B744BE}.Release|Any CPU.Build.0 = Release|Any CPU
	EndGlobalSection
	GlobalSection(SolutionProperties) = preSolution
		HideSolutionNode = FALSE
	EndGlobalSection
	GlobalSection(ExtensibilityGlobals) = postSolution
		SolutionGuid = {F023529D-BD83-4373-829E-F0F6F06F684B}
	EndGlobalSection
EndGlobal
